
Microsoft Visual Studio Solution File, Format Version 12.00
# Visual Studio Version 17
VisualStudioVersion = 17.9.34728.123
MinimumVisualStudioVersion = 10.0.40219.1
Project("{FAE04EC0-301F-11D3-BF4B-00C04F79EFBC}") = "LinkedList", "LinkedList\LinkedList.csproj", "{E68F752A-C22C-4744-8134-895FFD6E2103}"
EndProject
Global
	GlobalSection(SolutionConfigurationPlatforms) = preSolution
		Debug|Any CPU = Debug|Any CPU
		Release|Any CPU = Release|Any CPU
	EndGlobalSection
	GlobalSection(ProjectConfigurationPlatforms) = postSolution
		{E68F752A-C22C-4744-8134-895FFD6E2103}.Debug|Any CPU.ActiveCfg = Debug|Any CPU
		{E68F752A-C22C-4744-8134-895FFD6E2103}.Debug|Any CPU.Build.0 = Debug|Any CPU
		{E68F752A-C22C-4744-8134-895FFD6E2103}.Release|Any CPU.ActiveCfg = Release|Any CPU
		{E68F752A-C22C-4744-8134-895FFD6E2103}.Release|Any CPU.Build.0 = Release|Any CPU
	EndGlobalSection
	GlobalSection(SolutionProperties) = preSolution
		HideSolutionNode = FALSE
	EndGlobalSection
	GlobalSection(ExtensibilityGlobals) = postSolution
		SolutionGuid = {430097F6-D5A1-4EA0-B2B1-9B313F6C7538}
	EndGlobalSection
EndGlobal
